{
  "requires": true,
  "lockfileVersion": 1,
  "dependencies": {
    "animate.css": {
      "version": "3.7.0",
      "resolved": "https://registry.npmjs.org/animate.css/-/animate.css-3.7.0.tgz",
      "integrity": "sha512-u3iMXDJr0cxMdQocIciDiou9Au4L5f9uT+/jCtprw3s1j3HcfCuI+khF+90Ps2KdsEhM2soF7SXB4WUvI3HlXg=="
    },
    "mdbootstrap": {
      "version": "4.5.12",
      "resolved": "https://registry.npmjs.org/mdbootstrap/-/mdbootstrap-4.5.12.tgz",
      "integrity": "sha512-IwRUWYdoEjZhgJ4wLZPqmni2o0wMmtOtAxTXsctDhozFCjaZqlReYChXSq6dqt42cD3lIBGtUwW2B3gYZyPLMg=="
    }
  }
}
